
Microsoft Visual Studio Solution File, Format Version 12.00
# Visual Studio 2012
Project("{FAE04EC0-301F-11D3-BF4B-00C04F79EFBC}") = "Autohaus.Web", "Autohaus.Web\Autohaus.Web.csproj", "{C3674D18-5D27-4CCB-BD2F-59BBB3F36FC7}"
EndProject
Project("{CAA73BB0-EF22-4D79-A57E-DF67B3BA9C80}") = "Autohaus.TDSmaster", "Autohaus.TDSmaster\Autohaus.TDSmaster.scproj", "{1BB774BE-6B84-4AE5-AA47-DDD59134A114}"
EndProject
Project("{FAE04EC0-301F-11D3-BF4B-00C04F79EFBC}") = "Autohaus.Data", "Autohaus.Data\Autohaus.Data.csproj", "{AD4F2DB4-C9A9-4F3C-85B7-6FFEC4F65688}"
EndProject
Project("{FAE04EC0-301F-11D3-BF4B-00C04F79EFBC}") = "Autohaus.Custom", "Autohaus.Custom\Autohaus.Custom.csproj", "{BD97B55D-D1FA-4C07-8794-E0AF338F315D}"
EndProject
Global
	GlobalSection(SolutionConfigurationPlatforms) = preSolution
		CD|Any CPU = CD|Any CPU
		CM|Any CPU = CM|Any CPU
		Debug|Any CPU = Debug|Any CPU
		Demo|Any CPU = Demo|Any CPU
		Release|Any CPU = Release|Any CPU
	EndGlobalSection
	GlobalSection(ProjectConfigurationPlatforms) = postSolution
		{C3674D18-5D27-4CCB-BD2F-59BBB3F36FC7}.CD|Any CPU.ActiveCfg = CD|Any CPU
		{C3674D18-5D27-4CCB-BD2F-59BBB3F36FC7}.CD|Any CPU.Build.0 = CD|Any CPU
		{C3674D18-5D27-4CCB-BD2F-59BBB3F36FC7}.CM|Any CPU.ActiveCfg = CM|Any CPU
		{C3674D18-5D27-4CCB-BD2F-59BBB3F36FC7}.CM|Any CPU.Build.0 = CM|Any CPU
		{C3674D18-5D27-4CCB-BD2F-59BBB3F36FC7}.Debug|Any CPU.ActiveCfg = Debug|Any CPU
		{C3674D18-5D27-4CCB-BD2F-59BBB3F36FC7}.Debug|Any CPU.Build.0 = Debug|Any CPU
		{C3674D18-5D27-4CCB-BD2F-59BBB3F36FC7}.Demo|Any CPU.ActiveCfg = Demo|Any CPU
		{C3674D18-5D27-4CCB-BD2F-59BBB3F36FC7}.Demo|Any CPU.Build.0 = Demo|Any CPU
		{C3674D18-5D27-4CCB-BD2F-59BBB3F36FC7}.Release|Any CPU.ActiveCfg = Release|Any CPU
		{C3674D18-5D27-4CCB-BD2F-59BBB3F36FC7}.Release|Any CPU.Build.0 = Release|Any CPU
		{1BB774BE-6B84-4AE5-AA47-DDD59134A114}.CD|Any CPU.ActiveCfg = CD|Any CPU
		{1BB774BE-6B84-4AE5-AA47-DDD59134A114}.CD|Any CPU.Build.0 = CD|Any CPU
		{1BB774BE-6B84-4AE5-AA47-DDD59134A114}.CM|Any CPU.ActiveCfg = CM|Any CPU
		{1BB774BE-6B84-4AE5-AA47-DDD59134A114}.CM|Any CPU.Build.0 = CM|Any CPU
		{1BB774BE-6B84-4AE5-AA47-DDD59134A114}.Debug|Any CPU.ActiveCfg = Debug|Any CPU
		{1BB774BE-6B84-4AE5-AA47-DDD59134A114}.Debug|Any CPU.Build.0 = Debug|Any CPU
		{1BB774BE-6B84-4AE5-AA47-DDD59134A114}.Demo|Any CPU.ActiveCfg = Demo|Any CPU
		{1BB774BE-6B84-4AE5-AA47-DDD59134A114}.Demo|Any CPU.Build.0 = Demo|Any CPU
		{1BB774BE-6B84-4AE5-AA47-DDD59134A114}.Release|Any CPU.ActiveCfg = Release|Any CPU
		{1BB774BE-6B84-4AE5-AA47-DDD59134A114}.Release|Any CPU.Build.0 = Release|Any CPU
		{AD4F2DB4-C9A9-4F3C-85B7-6FFEC4F65688}.CD|Any CPU.ActiveCfg = CD|Any CPU
		{AD4F2DB4-C9A9-4F3C-85B7-6FFEC4F65688}.CD|Any CPU.Build.0 = CD|Any CPU
		{AD4F2DB4-C9A9-4F3C-85B7-6FFEC4F65688}.CM|Any CPU.ActiveCfg = CM|Any CPU
		{AD4F2DB4-C9A9-4F3C-85B7-6FFEC4F65688}.CM|Any CPU.Build.0 = CM|Any CPU
		{AD4F2DB4-C9A9-4F3C-85B7-6FFEC4F65688}.Debug|Any CPU.ActiveCfg = Debug|Any CPU
		{AD4F2DB4-C9A9-4F3C-85B7-6FFEC4F65688}.Debug|Any CPU.Build.0 = Debug|Any CPU
		{AD4F2DB4-C9A9-4F3C-85B7-6FFEC4F65688}.Demo|Any CPU.ActiveCfg = Demo|Any CPU
		{AD4F2DB4-C9A9-4F3C-85B7-6FFEC4F65688}.Demo|Any CPU.Build.0 = Demo|Any CPU
		{AD4F2DB4-C9A9-4F3C-85B7-6FFEC4F65688}.Release|Any CPU.ActiveCfg = Release|Any CPU
		{AD4F2DB4-C9A9-4F3C-85B7-6FFEC4F65688}.Release|Any CPU.Build.0 = Release|Any CPU
		{BD97B55D-D1FA-4C07-8794-E0AF338F315D}.CD|Any CPU.ActiveCfg = CD|Any CPU
		{BD97B55D-D1FA-4C07-8794-E0AF338F315D}.CD|Any CPU.Build.0 = CD|Any CPU
		{BD97B55D-D1FA-4C07-8794-E0AF338F315D}.CM|Any CPU.ActiveCfg = CM|Any CPU
		{BD97B55D-D1FA-4C07-8794-E0AF338F315D}.CM|Any CPU.Build.0 = CM|Any CPU
		{BD97B55D-D1FA-4C07-8794-E0AF338F315D}.Debug|Any CPU.ActiveCfg = Debug|Any CPU
		{BD97B55D-D1FA-4C07-8794-E0AF338F315D}.Debug|Any CPU.Build.0 = Debug|Any CPU
		{BD97B55D-D1FA-4C07-8794-E0AF338F315D}.Demo|Any CPU.ActiveCfg = Demo|Any CPU
		{BD97B55D-D1FA-4C07-8794-E0AF338F315D}.Demo|Any CPU.Build.0 = Demo|Any CPU
		{BD97B55D-D1FA-4C07-8794-E0AF338F315D}.Release|Any CPU.ActiveCfg = Release|Any CPU
		{BD97B55D-D1FA-4C07-8794-E0AF338F315D}.Release|Any CPU.Build.0 = Release|Any CPU
	EndGlobalSection
	GlobalSection(SolutionProperties) = preSolution
		HideSolutionNode = FALSE
	EndGlobalSection
EndGlobal
